// !$*UTF8*$!
{
	archiveVersion = 1;
	classes = {
	};
	objectVersion = 56;
	objects = {

/* Begin PBXBuildFile section */
		2F56AAEE2B9A679D00388EAC /* LandedMotionControl.swift in Sources */ = {isa = PBXBuildFile; fileRef = 2F56AAED2B9A679D00388EAC /* LandedMotionControl.swift */; };
		2F56AAF02B9B25AB00388EAC /* Scheduler.swift in Sources */ = {isa = PBXBuildFile; fileRef = 2F56AAEF2B9B25AB00388EAC /* Scheduler.swift */; };
		2F56AAF22B9B8B8B00388EAC /* orange.usdz in Resources */ = {isa = PBXBuildFile; fileRef = 2F56AAF12B9B8B8B00388EAC /* orange.usdz */; };
		3F16F9222B99C7BD0029A708 /* Butterfly_SwiftUIApp.swift in Sources */ = {isa = PBXBuildFile; fileRef = 3F16F9212B99C7BD0029A708 /* Butterfly_SwiftUIApp.swift */; };
		3F16F9242B99C7BD0029A708 /* ContentView.swift in Sources */ = {isa = PBXBuildFile; fileRef = 3F16F9232B99C7BD0029A708 /* ContentView.swift */; };
		3F16F9262B99C7C00029A708 /* Assets.xcassets in Resources */ = {isa = PBXBuildFile; fileRef = 3F16F9252B99C7C00029A708 /* Assets.xcassets */; };
		3F16F9292B99C7C00029A708 /* Preview Assets.xcassets in Resources */ = {isa = PBXBuildFile; fileRef = 3F16F9282B99C7C00029A708 /* Preview Assets.xcassets */; };
		3F16F9302B99CB570029A708 /* ButterflyView.swift in Sources */ = {isa = PBXBuildFile; fileRef = 3F16F92F2B99CB570029A708 /* ButterflyView.swift */; };
		3F16F9322B99CBE40029A708 /* ARViewModel.swift in Sources */ = {isa = PBXBuildFile; fileRef = 3F16F9312B99CBE40029A708 /* ARViewModel.swift */; };
		3F16F9342B99CD370029A708 /* ARModel.swift in Sources */ = {isa = PBXBuildFile; fileRef = 3F16F9332B99CD370029A708 /* ARModel.swift */; };
		3F16F9362B99CD590029A708 /* RKBaseView.swift in Sources */ = {isa = PBXBuildFile; fileRef = 3F16F9352B99CD590029A708 /* RKBaseView.swift */; };
		3F16F9382B99CDE70029A708 /* MotionComponent.swift in Sources */ = {isa = PBXBuildFile; fileRef = 3F16F9372B99CDE70029A708 /* MotionComponent.swift */; };
		3F16F93A2B99D5E90029A708 /* Animator.swift in Sources */ = {isa = PBXBuildFile; fileRef = 3F16F9392B99D5E90029A708 /* Animator.swift */; };
		3F16F93F2B99E8BE0029A708 /* bxTakeOff.usdz in Resources */ = {isa = PBXBuildFile; fileRef = 3F16F93B2B99E8BE0029A708 /* bxTakeOff.usdz */; };
		3F16F9402B99E8BE0029A708 /* bxLanding.usdz in Resources */ = {isa = PBXBuildFile; fileRef = 3F16F93C2B99E8BE0029A708 /* bxLanding.usdz */; };
		3F16F9412B99E8BE0029A708 /* bxIdle.usdz in Resources */ = {isa = PBXBuildFile; fileRef = 3F16F93D2B99E8BE0029A708 /* bxIdle.usdz */; };
		3F16F9422B99E8BE0029A708 /* bxFlying.usdz in Resources */ = {isa = PBXBuildFile; fileRef = 3F16F93E2B99E8BE0029A708 /* bxFlying.usdz */; };
		3F16F9442B9A212E0029A708 /* FlyingMotionControl.swift in Sources */ = {isa = PBXBuildFile; fileRef = 3F16F9432B9A212E0029A708 /* FlyingMotionControl.swift */; };
/* End PBXBuildFile section */

/* Begin PBXFileReference section */
		2F56AAED2B9A679D00388EAC /* LandedMotionControl.swift */ = {isa = PBXFileReference; lastKnownFileType = sourcecode.swift; path = LandedMotionControl.swift; sourceTree = "<group>"; };
		2F56AAEF2B9B25AB00388EAC /* Scheduler.swift */ = {isa = PBXFileReference; lastKnownFileType = sourcecode.swift; path = Scheduler.swift; sourceTree = "<group>"; };
		2F56AAF12B9B8B8B00388EAC /* orange.usdz */ = {isa = PBXFileReference; lastKnownFileType = file.usdz; path = orange.usdz; sourceTree = "<group>"; };
		3F16F91E2B99C7BD0029A708 /* Butterfly_SwiftUI.app */ = {isa = PBXFileReference; explicitFileType = wrapper.application; includeInIndex = 0; path = Butterfly_SwiftUI.app; sourceTree = BUILT_PRODUCTS_DIR; };
		3F16F9212B99C7BD0029A708 /* Butterfly_SwiftUIApp.swift */ = {isa = PBXFileReference; lastKnownFileType = sourcecode.swift; path = Butterfly_SwiftUIApp.swift; sourceTree = "<group>"; };
		3F16F9232B99C7BD0029A708 /* ContentView.swift */ = {isa = PBXFileReference; lastKnownFileType = sourcecode.swift; path = ContentView.swift; sourceTree = "<group>"; };
		3F16F9252B99C7C00029A708 /* Assets.xcassets */ = {isa = PBXFileReference; lastKnownFileType = folder.assetcatalog; path = Assets.xcassets; sourceTree = "<group>"; };
		3F16F9282B99C7C00029A708 /* Preview Assets.xcassets */ = {isa = PBXFileReference; lastKnownFileType = folder.assetcatalog; path = "Preview Assets.xcassets"; sourceTree = "<group>"; };
		3F16F92F2B99CB570029A708 /* ButterflyView.swift */ = {isa = PBXFileReference; lastKnownFileType = sourcecode.swift; path = ButterflyView.swift; sourceTree = "<group>"; };
		3F16F9312B99CBE40029A708 /* ARViewModel.swift */ = {isa = PBXFileReference; fileEncoding = 4; lastKnownFileType = sourcecode.swift; path = ARViewModel.swift; sourceTree = "<group>"; };
		3F16F9332B99CD370029A708 /* ARModel.swift */ = {isa = PBXFileReference; fileEncoding = 4; lastKnownFileType = sourcecode.swift; path = ARModel.swift; sourceTree = "<group>"; };
		3F16F9352B99CD590029A708 /* RKBaseView.swift */ = {isa = PBXFileReference; fileEncoding = 4; lastKnownFileType = sourcecode.swift; path = RKBaseView.swift; sourceTree = "<group>"; };
		3F16F9372B99CDE70029A708 /* MotionComponent.swift */ = {isa = PBXFileReference; fileEncoding = 4; lastKnownFileType = sourcecode.swift; path = MotionComponent.swift; sourceTree = "<group>"; };
		3F16F9392B99D5E90029A708 /* Animator.swift */ = {isa = PBXFileReference; fileEncoding = 4; lastKnownFileType = sourcecode.swift; path = Animator.swift; sourceTree = "<group>"; };
		3F16F93B2B99E8BE0029A708 /* bxTakeOff.usdz */ = {isa = PBXFileReference; lastKnownFileType = file.usdz; path = bxTakeOff.usdz; sourceTree = "<group>"; };
		3F16F93C2B99E8BE0029A708 /* bxLanding.usdz */ = {isa = PBXFileReference; lastKnownFileType = file.usdz; path = bxLanding.usdz; sourceTree = "<group>"; };
		3F16F93D2B99E8BE0029A708 /* bxIdle.usdz */ = {isa = PBXFileReference; lastKnownFileType = file.usdz; path = bxIdle.usdz; sourceTree = "<group>"; };
		3F16F93E2B99E8BE0029A708 /* bxFlying.usdz */ = {isa = PBXFileReference; lastKnownFileType = file.usdz; path = bxFlying.usdz; sourceTree = "<group>"; };
		3F16F9432B9A212E0029A708 /* FlyingMotionControl.swift */ = {isa = PBXFileReference; lastKnownFileType = sourcecode.swift; path = FlyingMotionControl.swift; sourceTree = "<group>"; };
/* End PBXFileReference section */

/* Begin PBXFrameworksBuildPhase section */
		3F16F91B2B99C7BD0029A708 /* Frameworks */ = {
			isa = PBXFrameworksBuildPhase;
			buildActionMask = 2147483647;
			files = (
			);
			runOnlyForDeploymentPostprocessing = 0;
		};
/* End PBXFrameworksBuildPhase section */

/* Begin PBXGroup section */
		3F16F9152B99C7BD0029A708 = {
			isa = PBXGroup;
			children = (
				3F16F9202B99C7BD0029A708 /* Butterfly_SwiftUI */,
				3F16F91F2B99C7BD0029A708 /* Products */,
			);
			sourceTree = "<group>";
		};
		3F16F91F2B99C7BD0029A708 /* Products */ = {
			isa = PBXGroup;
			children = (
				3F16F91E2B99C7BD0029A708 /* Butterfly_SwiftUI.app */,
			);
			name = Products;
			sourceTree = "<group>";
		};
		3F16F9202B99C7BD0029A708 /* Butterfly_SwiftUI */ = {
			isa = PBXGroup;
			children = (
				3F16F9212B99C7BD0029A708 /* Butterfly_SwiftUIApp.swift */,
				3F16F9232B99C7BD0029A708 /* ContentView.swift */,
				3F16F92F2B99CB570029A708 /* ButterflyView.swift */,
				2F56AAED2B9A679D00388EAC /* LandedMotionControl.swift */,
				2F56AAEF2B9B25AB00388EAC /* Scheduler.swift */,
				3F16F9352B99CD590029A708 /* RKBaseView.swift */,
				3F16F9432B9A212E0029A708 /* FlyingMotionControl.swift */,
				3F16F9332B99CD370029A708 /* ARModel.swift */,
				3F16F9372B99CDE70029A708 /* MotionComponent.swift */,
				2F56AAF12B9B8B8B00388EAC /* orange.usdz */,
				3F16F9392B99D5E90029A708 /* Animator.swift */,
				3F16F93D2B99E8BE0029A708 /* bxIdle.usdz */,
				3F16F93E2B99E8BE0029A708 /* bxFlying.usdz */,
				3F16F93C2B99E8BE0029A708 /* bxLanding.usdz */,
				3F16F93B2B99E8BE0029A708 /* bxTakeOff.usdz */,
				3F16F9312B99CBE40029A708 /* ARViewModel.swift */,
				3F16F9252B99C7C00029A708 /* Assets.xcassets */,
				3F16F9272B99C7C00029A708 /* Preview Content */,
			);
			path = Butterfly_SwiftUI;
			sourceTree = "<group>";
		};
		3F16F9272B99C7C00029A708 /* Preview Content */ = {
			isa = PBXGroup;
			children = (
				3F16F9282B99C7C00029A708 /* Preview Assets.xcassets */,
			);
			path = "Preview Content";
			sourceTree = "<group>";
		};
/* End PBXGroup section */

/* Begin PBXNativeTarget section */
		3F16F91D2B99C7BD0029A708 /* Butterfly_SwiftUI */ = {
			isa = PBXNativeTarget;
			buildConfigurationList = 3F16F92C2B99C7C00029A708 /* Build configuration list for PBXNativeTarget "Butterfly_SwiftUI" */;
			buildPhases = (
				3F16F91A2B99C7BD0029A708 /* Sources */,
				3F16F91B2B99C7BD0029A708 /* Frameworks */,
				3F16F91C2B99C7BD0029A708 /* Resources */,
			);
			buildRules = (
			);
			dependencies = (
			);
			name = Butterfly_SwiftUI;
			productName = Butterfly_SwiftUI;
			productReference = 3F16F91E2B99C7BD0029A708 /* Butterfly_SwiftUI.app */;
			productType = "com.apple.product-type.application";
		};
/* End PBXNativeTarget section */

/* Begin PBXProject section */
		3F16F9162B99C7BD0029A708 /* Project object */ = {
			isa = PBXProject;
			attributes = {
				BuildIndependentTargetsInParallel = 1;
				LastSwiftUpdateCheck = 1520;
				LastUpgradeCheck = 1520;
				TargetAttributes = {
					3F16F91D2B99C7BD0029A708 = {
						CreatedOnToolsVersion = 15.2;
					};
				};
			};
			buildConfigurationList = 3F16F9192B99C7BD0029A708 /* Build configuration list for PBXProject "Butterfly_SwiftUI" */;
			compatibilityVersion = "Xcode 14.0";
			developmentRegion = en;
			hasScannedForEncodings = 0;
			knownRegions = (
				en,
				Base,
			);
			mainGroup = 3F16F9152B99C7BD0029A708;
			productRefGroup = 3F16F91F2B99C7BD0029A708 /* Products */;
			projectDirPath = "";
			projectRoot = "";
			targets = (
				3F16F91D2B99C7BD0029A708 /* Butterfly_SwiftUI */,
			);
		};
/* End PBXProject section */

/* Begin PBXResourcesBuildPhase section */
		3F16F91C2B99C7BD0029A708 /* Resources */ = {
			isa = PBXResourcesBuildPhase;
			buildActionMask = 2147483647;
			files = (
				3F16F9292B99C7C00029A708 /* Preview Assets.xcassets in Resources */,
				3F16F9412B99E8BE0029A708 /* bxIdle.usdz in Resources */,
				2F56AAF22B9B8B8B00388EAC /* orange.usdz in Resources */,
				3F16F9402B99E8BE0029A708 /* bxLanding.usdz in Resources */,
				3F16F9262B99C7C00029A708 /* Assets.xcassets in Resources */,
				3F16F93F2B99E8BE0029A708 /* bxTakeOff.usdz in Resources */,
				3F16F9422B99E8BE0029A708 /* bxFlying.usdz in Resources */,
			);
			runOnlyForDeploymentPostprocessing = 0;
		};
/* End PBXResourcesBuildPhase section */

/* Begin PBXSourcesBuildPhase section */
		3F16F91A2B99C7BD0029A708 /* Sources */ = {
			isa = PBXSourcesBuildPhase;
			buildActionMask = 2147483647;
			files = (
				2F56AAF02B9B25AB00388EAC /* Scheduler.swift in Sources */,
				3F16F9242B99C7BD0029A708 /* ContentView.swift in Sources */,
				3F16F9222B99C7BD0029A708 /* Butterfly_SwiftUIApp.swift in Sources */,
				2F56AAEE2B9A679D00388EAC /* LandedMotionControl.swift in Sources */,
				3F16F9362B99CD590029A708 /* RKBaseView.swift in Sources */,
				3F16F9382B99CDE70029A708 /* MotionComponent.swift in Sources */,
				3F16F93A2B99D5E90029A708 /* Animator.swift in Sources */,
				3F16F9302B99CB570029A708 /* ButterflyView.swift in Sources */,
				3F16F9322B99CBE40029A708 /* ARViewModel.swift in Sources */,
				3F16F9342B99CD370029A708 /* ARModel.swift in Sources */,
				3F16F9442B9A212E0029A708 /* FlyingMotionControl.swift in Sources */,
			);
			runOnlyForDeploymentPostprocessing = 0;
		};
/* End PBXSourcesBuildPhase section */

/* Begin XCBuildConfiguration section */
		3F16F92A2B99C7C00029A708 /* Debug */ = {
			isa = XCBuildConfiguration;
			buildSettings = {
				ALWAYS_SEARCH_USER_PATHS = NO;
				ASSETCATALOG_COMPILER_GENERATE_SWIFT_ASSET_SYMBOL_EXTENSIONS = YES;
				CLANG_ANALYZER_NONNULL = YES;
				CLANG_ANALYZER_NUMBER_OBJECT_CONVERSION = YES_AGGRESSIVE;
				CLANG_CXX_LANGUAGE_STANDARD = "gnu++20";
				CLANG_ENABLE_MODULES = YES;
				CLANG_ENABLE_OBJC_ARC = YES;
				CLANG_ENABLE_OBJC_WEAK = YES;
				CLANG_WARN_BLOCK_CAPTURE_AUTORELEASING = YES;
				CLANG_WARN_BOOL_CONVERSION = YES;
				CLANG_WARN_COMMA = YES;
				CLANG_WARN_CONSTANT_CONVERSION = YES;
				CLANG_WARN_DEPRECATED_OBJC_IMPLEMENTATIONS = YES;
				CLANG_WARN_DIRECT_OBJC_ISA_USAGE = YES_ERROR;
				CLANG_WARN_DOCUMENTATION_COMMENTS = YES;
				CLANG_WARN_EMPTY_BODY = YES;
				CLANG_WARN_ENUM_CONVERSION = YES;
				CLANG_WARN_INFINITE_RECURSION = YES;
				CLANG_WARN_INT_CONVERSION = YES;
				CLANG_WARN_NON_LITERAL_NULL_CONVERSION = YES;
				CLANG_WARN_OBJC_IMPLICIT_RETAIN_SELF = YES;
				CLANG_WARN_OBJC_LITERAL_CONVERSION = YES;
				CLANG_WARN_OBJC_ROOT_CLASS = YES_ERROR;
				CLANG_WARN_QUOTED_INCLUDE_IN_FRAMEWORK_HEADER = YES;
				CLANG_WARN_RANGE_LOOP_ANALYSIS = YES;
				CLANG_WARN_STRICT_PROTOTYPES = YES;
				CLANG_WARN_SUSPICIOUS_MOVE = YES;
				CLANG_WARN_UNGUARDED_AVAILABILITY = YES_AGGRESSIVE;
				CLANG_WARN_UNREACHABLE_CODE = YES;
				CLANG_WARN__DUPLICATE_METHOD_MATCH = YES;
				COPY_PHASE_STRIP = NO;
				DEBUG_INFORMATION_FORMAT = dwarf;
				ENABLE_STRICT_OBJC_MSGSEND = YES;
				ENABLE_TESTABILITY = YES;
				ENABLE_USER_SCRIPT_SANDBOXING = YES;
				GCC_C_LANGUAGE_STANDARD = gnu17;
				GCC_DYNAMIC_NO_PIC = NO;
				GCC_NO_COMMON_BLOCKS = YES;
				GCC_OPTIMIZATION_LEVEL = 0;
				GCC_PREPROCESSOR_DEFINITIONS = (
					"DEBUG=1",
					"$(inherited)",
				);
				GCC_WARN_64_TO_32_BIT_CONVERSION = YES;
				GCC_WARN_ABOUT_RETURN_TYPE = YES_ERROR;
				GCC_WARN_UNDECLARED_SELECTOR = YES;
				GCC_WARN_UNINITIALIZED_AUTOS = YES_AGGRESSIVE;
				GCC_WARN_UNUSED_FUNCTION = YES;
				GCC_WARN_UNUSED_VARIABLE = YES;
				IPHONEOS_DEPLOYMENT_TARGET = 17.2;
				LOCALIZATION_PREFERS_STRING_CATALOGS = YES;
				MTL_ENABLE_DEBUG_INFO = INCLUDE_SOURCE;
				MTL_FAST_MATH = YES;
				ONLY_ACTIVE_ARCH = YES;
				SDKROOT = iphoneos;
				SWIFT_ACTIVE_COMPILATION_CONDITIONS = "DEBUG $(inherited)";
				SWIFT_OPTIMIZATION_LEVEL = "-Onone";
			};
			name = Debug;
		};
		3F16F92B2B99C7C00029A708 /* Release */ = {
			isa = XCBuildConfiguration;
			buildSettings = {
				ALWAYS_SEARCH_USER_PATHS = NO;
				ASSETCATALOG_COMPILER_GENERATE_SWIFT_ASSET_SYMBOL_EXTENSIONS = YES;
				CLANG_ANALYZER_NONNULL = YES;
				CLANG_ANALYZER_NUMBER_OBJECT_CONVERSION = YES_AGGRESSIVE;
				CLANG_CXX_LANGUAGE_STANDARD = "gnu++20";
				CLANG_ENABLE_MODULES = YES;
				CLANG_ENABLE_OBJC_ARC = YES;
				CLANG_ENABLE_OBJC_WEAK = YES;
				CLANG_WARN_BLOCK_CAPTURE_AUTORELEASING = YES;
				CLANG_WARN_BOOL_CONVERSION = YES;
				CLANG_WARN_COMMA = YES;
				CLANG_WARN_CONSTANT_CONVERSION = YES;
				CLANG_WARN_DEPRECATED_OBJC_IMPLEMENTATIONS = YES;
				CLANG_WARN_DIRECT_OBJC_ISA_USAGE = YES_ERROR;
				CLANG_WARN_DOCUMENTATION_COMMENTS = YES;
				CLANG_WARN_EMPTY_BODY = YES;
				CLANG_WARN_ENUM_CONVERSION = YES;
				CLANG_WARN_INFINITE_RECURSION = YES;
				CLANG_WARN_INT_CONVERSION = YES;
				CLANG_WARN_NON_LITERAL_NULL_CONVERSION = YES;
				CLANG_WARN_OBJC_IMPLICIT_RETAIN_SELF = YES;
				CLANG_WARN_OBJC_LITERAL_CONVERSION = YES;
				CLANG_WARN_OBJC_ROOT_CLASS = YES_ERROR;
				CLANG_WARN_QUOTED_INCLUDE_IN_FRAMEWORK_HEADER = YES;
				CLANG_WARN_RANGE_LOOP_ANALYSIS = YES;
				CLANG_WARN_STRICT_PROTOTYPES = YES;
				CLANG_WARN_SUSPICIOUS_MOVE = YES;
				CLANG_WARN_UNGUARDED_AVAILABILITY = YES_AGGRESSIVE;
				CLANG_WARN_UNREACHABLE_CODE = YES;
				CLANG_WARN__DUPLICATE_METHOD_MATCH = YES;
				COPY_PHASE_STRIP = NO;
				DEBUG_INFORMATION_FORMAT = "dwarf-with-dsym";
				ENABLE_NS_ASSERTIONS = NO;
				ENABLE_STRICT_OBJC_MSGSEND = YES;
				ENABLE_USER_SCRIPT_SANDBOXING = YES;
				GCC_C_LANGUAGE_STANDARD = gnu17;
				GCC_NO_COMMON_BLOCKS = YES;
				GCC_WARN_64_TO_32_BIT_CONVERSION = YES;
				GCC_WARN_ABOUT_RETURN_TYPE = YES_ERROR;
				GCC_WARN_UNDECLARED_SELECTOR = YES;
				GCC_WARN_UNINITIALIZED_AUTOS = YES_AGGRESSIVE;
				GCC_WARN_UNUSED_FUNCTION = YES;
				GCC_WARN_UNUSED_VARIABLE = YES;
				IPHONEOS_DEPLOYMENT_TARGET = 17.2;
				LOCALIZATION_PREFERS_STRING_CATALOGS = YES;
				MTL_ENABLE_DEBUG_INFO = NO;
				MTL_FAST_MATH = YES;
				SDKROOT = iphoneos;
				SWIFT_COMPILATION_MODE = wholemodule;
				VALIDATE_PRODUCT = YES;
			};
			name = Release;
		};
		3F16F92D2B99C7C00029A708 /* Debug */ = {
			isa = XCBuildConfiguration;
			buildSettings = {
				ASSETCATALOG_COMPILER_APPICON_NAME = AppIcon;
				ASSETCATALOG_COMPILER_GLOBAL_ACCENT_COLOR_NAME = AccentColor;
				CODE_SIGN_STYLE = Automatic;
				CURRENT_PROJECT_VERSION = 1;
				DEVELOPMENT_ASSET_PATHS = "\"Butterfly_SwiftUI/Preview Content\"";
				DEVELOPMENT_TEAM = 4NY9EY68HK;
				ENABLE_PREVIEWS = YES;
				GENERATE_INFOPLIST_FILE = YES;
				INFOPLIST_KEY_UIApplicationSceneManifest_Generation = YES;
				INFOPLIST_KEY_UIApplicationSupportsIndirectInputEvents = YES;
				INFOPLIST_KEY_UILaunchScreen_Generation = YES;
				INFOPLIST_KEY_UISupportedInterfaceOrientations_iPad = "UIInterfaceOrientationPortrait UIInterfaceOrientationPortraitUpsideDown UIInterfaceOrientationLandscapeLeft UIInterfaceOrientationLandscapeRight";
				INFOPLIST_KEY_UISupportedInterfaceOrientations_iPhone = "UIInterfaceOrientationPortrait UIInterfaceOrientationLandscapeLeft UIInterfaceOrientationLandscapeRight";
				LD_RUNPATH_SEARCH_PATHS = (
					"$(inherited)",
					"@executable_path/Frameworks",
				);
				MARKETING_VERSION = 1.0;
				PRODUCT_BUNDLE_IDENTIFIER = blsh;
				PRODUCT_NAME = "$(TARGET_NAME)";
				SWIFT_EMIT_LOC_STRINGS = YES;
				SWIFT_VERSION = 5.0;
				TARGETED_DEVICE_FAMILY = "1,2";
			};
			name = Debug;
		};
		3F16F92E2B99C7C00029A708 /* Release */ = {
			isa = XCBuildConfiguration;
			buildSettings = {
				ASSETCATALOG_COMPILER_APPICON_NAME = AppIcon;
				ASSETCATALOG_COMPILER_GLOBAL_ACCENT_COLOR_NAME = AccentColor;
				CODE_SIGN_STYLE = Automatic;
				CURRENT_PROJECT_VERSION = 1;
				DEVELOPMENT_ASSET_PATHS = "\"Butterfly_SwiftUI/Preview Content\"";
				DEVELOPMENT_TEAM = 4NY9EY68HK;
				ENABLE_PREVIEWS = YES;
				GENERATE_INFOPLIST_FILE = YES;
				INFOPLIST_KEY_UIApplicationSceneManifest_Generation = YES;
				INFOPLIST_KEY_UIApplicationSupportsIndirectInputEvents = YES;
				INFOPLIST_KEY_UILaunchScreen_Generation = YES;
				INFOPLIST_KEY_UISupportedInterfaceOrientations_iPad = "UIInterfaceOrientationPortrait UIInterfaceOrientationPortraitUpsideDown UIInterfaceOrientationLandscapeLeft UIInterfaceOrientationLandscapeRight";
				INFOPLIST_KEY_UISupportedInterfaceOrientations_iPhone = "UIInterfaceOrientationPortrait UIInterfaceOrientationLandscapeLeft UIInterfaceOrientationLandscapeRight";
				LD_RUNPATH_SEARCH_PATHS = (
					"$(inherited)",
					"@executable_path/Frameworks",
				);
				MARKETING_VERSION = 1.0;
				PRODUCT_BUNDLE_IDENTIFIER = blsh;
				PRODUCT_NAME = "$(TARGET_NAME)";
				SWIFT_EMIT_LOC_STRINGS = YES;
				SWIFT_VERSION = 5.0;
				TARGETED_DEVICE_FAMILY = "1,2";
			};
			name = Release;
		};
/* End XCBuildConfiguration section */

/* Begin XCConfigurationList section */
		3F16F9192B99C7BD0029A708 /* Build configuration list for PBXProject "Butterfly_SwiftUI" */ = {
			isa = XCConfigurationList;
			buildConfigurations = (
				3F16F92A2B99C7C00029A708 /* Debug */,
				3F16F92B2B99C7C00029A708 /* Release */,
			);
			defaultConfigurationIsVisible = 0;
			defaultConfigurationName = Release;
		};
		3F16F92C2B99C7C00029A708 /* Build configuration list for PBXNativeTarget "Butterfly_SwiftUI" */ = {
			isa = XCConfigurationList;
			buildConfigurations = (
				3F16F92D2B99C7C00029A708 /* Debug */,
				3F16F92E2B99C7C00029A708 /* Release */,
			);
			defaultConfigurationIsVisible = 0;
			defaultConfigurationName = Release;
		};
/* End XCConfigurationList section */
	};
	rootObject = 3F16F9162B99C7BD0029A708 /* Project object */;
}
